
Microsoft Visual Studio Solution File, Format Version 12.00
# Visual Studio Version 16
VisualStudioVersion = 16.0.32602.291
MinimumVisualStudioVersion = 10.0.40219.1
Project("{FAE04EC0-301F-11D3-BF4B-00C04F79EFBC}") = "ETicketAdminApplication", "ETicketAdminApplication\ETicketAdminApplication.csproj", "{D355ED01-BBC7-49D0-8911-D70D16C64DCB}"
EndProject
Global
	GlobalSection(SolutionConfigurationPlatforms) = preSolution
		Debug|Any CPU = Debug|Any CPU
		Release|Any CPU = Release|Any CPU
	EndGlobalSection
	GlobalSection(ProjectConfigurationPlatforms) = postSolution
		{D355ED01-BBC7-49D0-8911-D70D16C64DCB}.Debug|Any CPU.ActiveCfg = Debug|Any CPU
		{D355ED01-BBC7-49D0-8911-D70D16C64DCB}.Debug|Any CPU.Build.0 = Debug|Any CPU
		{D355ED01-BBC7-49D0-8911-D70D16C64DCB}.Release|Any CPU.ActiveCfg = Release|Any CPU
		{D355ED01-BBC7-49D0-8911-D70D16C64DCB}.Release|Any CPU.Build.0 = Release|Any CPU
	EndGlobalSection
	GlobalSection(SolutionProperties) = preSolution
		HideSolutionNode = FALSE
	EndGlobalSection
	GlobalSection(ExtensibilityGlobals) = postSolution
		SolutionGuid = {1469252A-83C6-4EA7-B21A-56CDD8DCAAFD}
	EndGlobalSection
EndGlobal
